
Microsoft Visual Studio Solution File, Format Version 12.00
# Visual Studio Version 17
VisualStudioVersion = 17.11.35303.130
MinimumVisualStudioVersion = 10.0.40219.1
Project("{FAE04EC0-301F-11D3-BF4B-00C04F79EFBC}") = "13234", "13234.csproj", "{353F11EE-9E08-4062-AA1A-AFEF52B9DCC9}"
EndProject
Global
	GlobalSection(SolutionConfigurationPlatforms) = preSolution
		Debug|Any CPU = Debug|Any CPU
		Release|Any CPU = Release|Any CPU
	EndGlobalSection
	GlobalSection(ProjectConfigurationPlatforms) = postSolution
		{353F11EE-9E08-4062-AA1A-AFEF52B9DCC9}.Debug|Any CPU.ActiveCfg = Debug|Any CPU
		{353F11EE-9E08-4062-AA1A-AFEF52B9DCC9}.Debug|Any CPU.Build.0 = Debug|Any CPU
		{353F11EE-9E08-4062-AA1A-AFEF52B9DCC9}.Release|Any CPU.ActiveCfg = Release|Any CPU
		{353F11EE-9E08-4062-AA1A-AFEF52B9DCC9}.Release|Any CPU.Build.0 = Release|Any CPU
	EndGlobalSection
	GlobalSection(SolutionProperties) = preSolution
		HideSolutionNode = FALSE
	EndGlobalSection
	GlobalSection(ExtensibilityGlobals) = postSolution
		SolutionGuid = {E7679556-C1BB-414F-BE04-0EB39BD4C74F}
	EndGlobalSection
EndGlobal
